
Microsoft Visual Studio Solution File, Format Version 12.00
# Visual Studio Version 17
VisualStudioVersion = 17.14.36717.8 d17.14
MinimumVisualStudioVersion = 10.0.40219.1
Project("{FAE04EC0-301F-11D3-BF4B-00C04F79EFBC}") = "Ex04.Menus.Test", "Ex04.Menus.Test\Ex04.Menus.Test.csproj", "{2ACDB2BA-B92F-4360-96E0-71A2179F1AE3}"
EndProject
Project("{FAE04EC0-301F-11D3-BF4B-00C04F79EFBC}") = "Ex04.Menus.Events", "Ex04.Menus.Events\Ex04.Menus.Events.csproj", "{BFE29608-CD01-49EA-B2CD-5583A02E6308}"
EndProject
Project("{FAE04EC0-301F-11D3-BF4B-00C04F79EFBC}") = "Ex04.Menus.Interfaces", "Ex04.Menus. Interfaces\Ex04.Menus.Interfaces.csproj", "{905DBFB9-BC0A-4077-84FA-F066FAC7166D}"
EndProject
Global
	GlobalSection(SolutionConfigurationPlatforms) = preSolution
		Debug|Any CPU = Debug|Any CPU
		Release|Any CPU = Release|Any CPU
	EndGlobalSection
	GlobalSection(ProjectConfigurationPlatforms) = postSolution
		{2ACDB2BA-B92F-4360-96E0-71A2179F1AE3}.Debug|Any CPU.ActiveCfg = Debug|Any CPU
		{2ACDB2BA-B92F-4360-96E0-71A2179F1AE3}.Debug|Any CPU.Build.0 = Debug|Any CPU
		{2ACDB2BA-B92F-4360-96E0-71A2179F1AE3}.Release|Any CPU.ActiveCfg = Release|Any CPU
		{2ACDB2BA-B92F-4360-96E0-71A2179F1AE3}.Release|Any CPU.Build.0 = Release|Any CPU
		{BFE29608-CD01-49EA-B2CD-5583A02E6308}.Debug|Any CPU.ActiveCfg = Debug|Any CPU
		{BFE29608-CD01-49EA-B2CD-5583A02E6308}.Debug|Any CPU.Build.0 = Debug|Any CPU
		{BFE29608-CD01-49EA-B2CD-5583A02E6308}.Release|Any CPU.ActiveCfg = Release|Any CPU
		{BFE29608-CD01-49EA-B2CD-5583A02E6308}.Release|Any CPU.Build.0 = Release|Any CPU
		{905DBFB9-BC0A-4077-84FA-F066FAC7166D}.Debug|Any CPU.ActiveCfg = Debug|Any CPU
		{905DBFB9-BC0A-4077-84FA-F066FAC7166D}.Debug|Any CPU.Build.0 = Debug|Any CPU
		{905DBFB9-BC0A-4077-84FA-F066FAC7166D}.Release|Any CPU.ActiveCfg = Release|Any CPU
		{905DBFB9-BC0A-4077-84FA-F066FAC7166D}.Release|Any CPU.Build.0 = Release|Any CPU
	EndGlobalSection
	GlobalSection(SolutionProperties) = preSolution
		HideSolutionNode = FALSE
	EndGlobalSection
	GlobalSection(ExtensibilityGlobals) = postSolution
		SolutionGuid = {2E5A141D-9C92-4EF2-98E4-DEF7C0B7500C}
	EndGlobalSection
EndGlobal
