
Microsoft Visual Studio Solution File, Format Version 12.00
# Visual Studio Version 17
VisualStudioVersion = 17.11.35312.102
MinimumVisualStudioVersion = 10.0.40219.1
Project("{FAE04EC0-301F-11D3-BF4B-00C04F79EFBC}") = "Ex04.Menus.Interfaces", "Ex04.Menus.Interfaces\Ex04.Menus.Interfaces.csproj", "{EE77BDBC-CB75-476D-A22D-17D97DC6EAAF}"
EndProject
Project("{FAE04EC0-301F-11D3-BF4B-00C04F79EFBC}") = "Ex04.Menus.Events", "Ex04.Menus.Events\Ex04.Menus.Events.csproj", "{B248FD46-8A2B-43AD-962D-EF84817CB9B2}"
EndProject
Project("{FAE04EC0-301F-11D3-BF4B-00C04F79EFBC}") = "Ex04.Menus.Test", "Ex04.Menus.Test\Ex04.Menus.Test.csproj", "{4AAA1C3D-8606-4BC3-B5D6-96B9D321B314}"
EndProject
Global
	GlobalSection(SolutionConfigurationPlatforms) = preSolution
		Debug|Any CPU = Debug|Any CPU
		Release|Any CPU = Release|Any CPU
	EndGlobalSection
	GlobalSection(ProjectConfigurationPlatforms) = postSolution
		{EE77BDBC-CB75-476D-A22D-17D97DC6EAAF}.Debug|Any CPU.ActiveCfg = Debug|Any CPU
		{EE77BDBC-CB75-476D-A22D-17D97DC6EAAF}.Debug|Any CPU.Build.0 = Debug|Any CPU
		{EE77BDBC-CB75-476D-A22D-17D97DC6EAAF}.Release|Any CPU.ActiveCfg = Release|Any CPU
		{EE77BDBC-CB75-476D-A22D-17D97DC6EAAF}.Release|Any CPU.Build.0 = Release|Any CPU
		{B248FD46-8A2B-43AD-962D-EF84817CB9B2}.Debug|Any CPU.ActiveCfg = Debug|Any CPU
		{B248FD46-8A2B-43AD-962D-EF84817CB9B2}.Debug|Any CPU.Build.0 = Debug|Any CPU
		{B248FD46-8A2B-43AD-962D-EF84817CB9B2}.Release|Any CPU.ActiveCfg = Release|Any CPU
		{B248FD46-8A2B-43AD-962D-EF84817CB9B2}.Release|Any CPU.Build.0 = Release|Any CPU
		{4AAA1C3D-8606-4BC3-B5D6-96B9D321B314}.Debug|Any CPU.ActiveCfg = Debug|Any CPU
		{4AAA1C3D-8606-4BC3-B5D6-96B9D321B314}.Debug|Any CPU.Build.0 = Debug|Any CPU
		{4AAA1C3D-8606-4BC3-B5D6-96B9D321B314}.Release|Any CPU.ActiveCfg = Release|Any CPU
		{4AAA1C3D-8606-4BC3-B5D6-96B9D321B314}.Release|Any CPU.Build.0 = Release|Any CPU
	EndGlobalSection
	GlobalSection(SolutionProperties) = preSolution
		HideSolutionNode = FALSE
	EndGlobalSection
	GlobalSection(ExtensibilityGlobals) = postSolution
		SolutionGuid = {A275EB14-00AD-42FB-A117-D14FD57F7AF4}
	EndGlobalSection
EndGlobal
